
Microsoft Visual Studio Solution File, Format Version 12.00
# Visual Studio 14
VisualStudioVersion = 14.0.25420.1
MinimumVisualStudioVersion = 10.0.40219.1
Project("{FAE04EC0-301F-11D3-BF4B-00C04F79EFBC}") = "MyShop.Common", "MyShop.Common\MyShop.Common.csproj", "{3F0B991A-E019-44DA-85DC-227819B94B2C}"
EndProject
Project("{FAE04EC0-301F-11D3-BF4B-00C04F79EFBC}") = "MyShop.Model", "MyShop.Model\MyShop.Model.csproj", "{BC21B20E-46B7-4F8E-A515-DC01383B4874}"
EndProject
Project("{FAE04EC0-301F-11D3-BF4B-00C04F79EFBC}") = "MyShop.Data", "MyShop.Data\MyShop.Data.csproj", "{C785FAF6-4099-4A92-894D-EE29C6A093F4}"
EndProject
Project("{FAE04EC0-301F-11D3-BF4B-00C04F79EFBC}") = "MyShop.Service", "MyShop.Service\MyShop.Service.csproj", "{6CDF5518-96B1-4020-81A6-9F47DA2132D7}"
EndProject
Project("{FAE04EC0-301F-11D3-BF4B-00C04F79EFBC}") = "MyShop.UnitTest", "MyShop.UnitTest\MyShop.UnitTest.csproj", "{06ED9F0A-2C37-4DC5-B105-C3345E1C8872}"
EndProject
Project("{FAE04EC0-301F-11D3-BF4B-00C04F79EFBC}") = "MyShop.Web", "MyShop.Web\MyShop.Web.csproj", "{964C444E-FDAC-493B-810E-71416A7CD102}"
EndProject
Global
	GlobalSection(SolutionConfigurationPlatforms) = preSolution
		Debug|Any CPU = Debug|Any CPU
		Release|Any CPU = Release|Any CPU
	EndGlobalSection
	GlobalSection(ProjectConfigurationPlatforms) = postSolution
		{3F0B991A-E019-44DA-85DC-227819B94B2C}.Debug|Any CPU.ActiveCfg = Debug|Any CPU
		{3F0B991A-E019-44DA-85DC-227819B94B2C}.Debug|Any CPU.Build.0 = Debug|Any CPU
		{3F0B991A-E019-44DA-85DC-227819B94B2C}.Release|Any CPU.ActiveCfg = Release|Any CPU
		{3F0B991A-E019-44DA-85DC-227819B94B2C}.Release|Any CPU.Build.0 = Release|Any CPU
		{BC21B20E-46B7-4F8E-A515-DC01383B4874}.Debug|Any CPU.ActiveCfg = Debug|Any CPU
		{BC21B20E-46B7-4F8E-A515-DC01383B4874}.Debug|Any CPU.Build.0 = Debug|Any CPU
		{BC21B20E-46B7-4F8E-A515-DC01383B4874}.Release|Any CPU.ActiveCfg = Release|Any CPU
		{BC21B20E-46B7-4F8E-A515-DC01383B4874}.Release|Any CPU.Build.0 = Release|Any CPU
		{C785FAF6-4099-4A92-894D-EE29C6A093F4}.Debug|Any CPU.ActiveCfg = Debug|Any CPU
		{C785FAF6-4099-4A92-894D-EE29C6A093F4}.Debug|Any CPU.Build.0 = Debug|Any CPU
		{C785FAF6-4099-4A92-894D-EE29C6A093F4}.Release|Any CPU.ActiveCfg = Release|Any CPU
		{C785FAF6-4099-4A92-894D-EE29C6A093F4}.Release|Any CPU.Build.0 = Release|Any CPU
		{6CDF5518-96B1-4020-81A6-9F47DA2132D7}.Debug|Any CPU.ActiveCfg = Debug|Any CPU
		{6CDF5518-96B1-4020-81A6-9F47DA2132D7}.Debug|Any CPU.Build.0 = Debug|Any CPU
		{6CDF5518-96B1-4020-81A6-9F47DA2132D7}.Release|Any CPU.ActiveCfg = Release|Any CPU
		{6CDF5518-96B1-4020-81A6-9F47DA2132D7}.Release|Any CPU.Build.0 = Release|Any CPU
		{06ED9F0A-2C37-4DC5-B105-C3345E1C8872}.Debug|Any CPU.ActiveCfg = Debug|Any CPU
		{06ED9F0A-2C37-4DC5-B105-C3345E1C8872}.Debug|Any CPU.Build.0 = Debug|Any CPU
		{06ED9F0A-2C37-4DC5-B105-C3345E1C8872}.Release|Any CPU.ActiveCfg = Release|Any CPU
		{06ED9F0A-2C37-4DC5-B105-C3345E1C8872}.Release|Any CPU.Build.0 = Release|Any CPU
		{964C444E-FDAC-493B-810E-71416A7CD102}.Debug|Any CPU.ActiveCfg = Debug|Any CPU
		{964C444E-FDAC-493B-810E-71416A7CD102}.Debug|Any CPU.Build.0 = Debug|Any CPU
		{964C444E-FDAC-493B-810E-71416A7CD102}.Release|Any CPU.ActiveCfg = Release|Any CPU
		{964C444E-FDAC-493B-810E-71416A7CD102}.Release|Any CPU.Build.0 = Release|Any CPU
	EndGlobalSection
	GlobalSection(SolutionProperties) = preSolution
		HideSolutionNode = FALSE
	EndGlobalSection
EndGlobal
